// !$*UTF8*$!
{
	archiveVersion = 1;
	classes = {
	};
	objectVersion = 56;
	objects = {

/* Begin PBXBuildFile section */
		8EA4AE9D2C43FB050083536F /* GameRepositoryProtocol.swift in Sources */ = {isa = PBXBuildFile; fileRef = 8EA4AE9C2C43FB050083536F /* GameRepositoryProtocol.swift */; };
		8EA4AE9F2C43FB860083536F /* GameRealmRepository.swift in Sources */ = {isa = PBXBuildFile; fileRef = 8EA4AE9E2C43FB860083536F /* GameRealmRepository.swift */; };
		8EA4AEA22C4401FF0083536F /* GameDTORealm.swift in Sources */ = {isa = PBXBuildFile; fileRef = 8EA4AEA12C4401FF0083536F /* GameDTORealm.swift */; };
		A50864A32C235D2B004F0F11 /* BetDTO.swift in Sources */ = {isa = PBXBuildFile; fileRef = A50864A22C235D2B004F0F11 /* BetDTO.swift */; };
		A50864A52C235DDD004F0F11 /* BetRepository.swift in Sources */ = {isa = PBXBuildFile; fileRef = A50864A42C235DDD004F0F11 /* BetRepository.swift */; };
		A50864A72C235DF9004F0F11 /* BetService.swift in Sources */ = {isa = PBXBuildFile; fileRef = A50864A62C235DF9004F0F11 /* BetService.swift */; };
		A50864AB2C2CAD7E004F0F11 /* ServiceFactory.swift in Sources */ = {isa = PBXBuildFile; fileRef = A50864AA2C2CAD7E004F0F11 /* ServiceFactory.swift */; };
		A50864AD2C39B39E004F0F11 /* PastGamesView.swift in Sources */ = {isa = PBXBuildFile; fileRef = A50864AC2C39B39E004F0F11 /* PastGamesView.swift */; };
		A50864B02C39C407004F0F11 /* PastGameCell.swift in Sources */ = {isa = PBXBuildFile; fileRef = A50864AF2C39C407004F0F11 /* PastGameCell.swift */; };
		A50864B22C39C46F004F0F11 /* PastGameVM.swift in Sources */ = {isa = PBXBuildFile; fileRef = A50864B12C39C46F004F0F11 /* PastGameVM.swift */; };
		A514A3242C01F49A0014BBD4 /* CustomTextField.swift in Sources */ = {isa = PBXBuildFile; fileRef = A514A3232C01F49A0014BBD4 /* CustomTextField.swift */; };
		A514A3262C0A17480014BBD4 /* AlertModel.swift in Sources */ = {isa = PBXBuildFile; fileRef = A514A3252C0A17480014BBD4 /* AlertModel.swift */; };
		A514A3282C0E06B50014BBD4 /* CustomTextField+ext.swift in Sources */ = {isa = PBXBuildFile; fileRef = A514A3272C0E06B50014BBD4 /* CustomTextField+ext.swift */; };
		A52C53B42BEE8B8300699D2E /* AppDelegate.swift in Sources */ = {isa = PBXBuildFile; fileRef = A52C53B32BEE8B8300699D2E /* AppDelegate.swift */; };
		A52C53B62BEE8B8300699D2E /* SceneDelegate.swift in Sources */ = {isa = PBXBuildFile; fileRef = A52C53B52BEE8B8300699D2E /* SceneDelegate.swift */; };
		A52C53BD2BEE8B8500699D2E /* Assets.xcassets in Resources */ = {isa = PBXBuildFile; fileRef = A52C53BC2BEE8B8500699D2E /* Assets.xcassets */; };
		A52C53C02BEE8B8500699D2E /* LaunchScreen.storyboard in Resources */ = {isa = PBXBuildFile; fileRef = A52C53BE2BEE8B8500699D2E /* LaunchScreen.storyboard */; };
		A52C53CC2BEE916300699D2E /* HomeController.swift in Sources */ = {isa = PBXBuildFile; fileRef = A52C53CB2BEE916300699D2E /* HomeController.swift */; };
		A52C53CE2BEE92CE00699D2E /* PastGamesController.swift in Sources */ = {isa = PBXBuildFile; fileRef = A52C53CD2BEE92CE00699D2E /* PastGamesController.swift */; };
		A52C53D22BEE95FA00699D2E /* HomeViewModel.swift in Sources */ = {isa = PBXBuildFile; fileRef = A52C53D12BEE95FA00699D2E /* HomeViewModel.swift */; };
		A52C53D42BEE963B00699D2E /* HomeView.swift in Sources */ = {isa = PBXBuildFile; fileRef = A52C53D32BEE963B00699D2E /* HomeView.swift */; };
		A52C53D72BEE9B3C00699D2E /* LastGameView.swift in Sources */ = {isa = PBXBuildFile; fileRef = A52C53D62BEE9B3C00699D2E /* LastGameView.swift */; };
		A52C53DA2BEEB2D700699D2E /* UIView+ext.swift in Sources */ = {isa = PBXBuildFile; fileRef = A52C53D92BEEB2D700699D2E /* UIView+ext.swift */; };
		A52C53DD2BEEB54E00699D2E /* LastGameVM.swift in Sources */ = {isa = PBXBuildFile; fileRef = A52C53DC2BEEB54D00699D2E /* LastGameVM.swift */; };
		A52C53DF2BEF93C200699D2E /* Date+ext.swift in Sources */ = {isa = PBXBuildFile; fileRef = A52C53DE2BEF93C200699D2E /* Date+ext.swift */; };
		A52C53E12BEF9D6300699D2E /* UILabel+ext.swift in Sources */ = {isa = PBXBuildFile; fileRef = A52C53E02BEF9D6300699D2E /* UILabel+ext.swift */; };
		A52C53E42BEFA3AA00699D2E /* GameCell.swift in Sources */ = {isa = PBXBuildFile; fileRef = A52C53E32BEFA3A900699D2E /* GameCell.swift */; };
		A52C53E62BEFC38F00699D2E /* GradientView.swift in Sources */ = {isa = PBXBuildFile; fileRef = A52C53E52BEFC38F00699D2E /* GradientView.swift */; };
		A52C53E82BEFC5BF00699D2E /* GameVM.swift in Sources */ = {isa = PBXBuildFile; fileRef = A52C53E72BEFC5BF00699D2E /* GameVM.swift */; };
		A52C53ED2BEFC6B500699D2E /* TeamType+ext.swift in Sources */ = {isa = PBXBuildFile; fileRef = A52C53EC2BEFC6B500699D2E /* TeamType+ext.swift */; };
		A52C53EF2BEFF7E000699D2E /* TeamType.swift in Sources */ = {isa = PBXBuildFile; fileRef = A52C53EE2BEFF7E000699D2E /* TeamType.swift */; };
		A52C53F62BEFFB8C00699D2E /* BaseController.swift in Sources */ = {isa = PBXBuildFile; fileRef = A52C53F52BEFFB8C00699D2E /* BaseController.swift */; };
		A52C53F82BF0003A00699D2E /* BaseViewModel.swift in Sources */ = {isa = PBXBuildFile; fileRef = A52C53F72BF0003A00699D2E /* BaseViewModel.swift */; };
		A52C53FA2BF001C300699D2E /* PastGamesViewModel.swift in Sources */ = {isa = PBXBuildFile; fileRef = A52C53F92BF001C300699D2E /* PastGamesViewModel.swift */; };
		A52C53FD2BF10ED400699D2E /* GameViewModel.swift in Sources */ = {isa = PBXBuildFile; fileRef = A52C53FC2BF10ED400699D2E /* GameViewModel.swift */; };
		A52C53FF2BF10EF900699D2E /* GameController.swift in Sources */ = {isa = PBXBuildFile; fileRef = A52C53FE2BF10EF900699D2E /* GameController.swift */; };
		A52C54012BF10F1D00699D2E /* GameView.swift in Sources */ = {isa = PBXBuildFile; fileRef = A52C54002BF10F1D00699D2E /* GameView.swift */; };
		A52C54032BF1101000699D2E /* Game.swift in Sources */ = {isa = PBXBuildFile; fileRef = A52C54022BF1101000699D2E /* Game.swift */; };
		A52C54062BF11FF800699D2E /* GameHeaderView.swift in Sources */ = {isa = PBXBuildFile; fileRef = A52C54052BF11FF800699D2E /* GameHeaderView.swift */; };
		A52C54082BF1200300699D2E /* GameHeaderVM.swift in Sources */ = {isa = PBXBuildFile; fileRef = A52C54072BF1200300699D2E /* GameHeaderVM.swift */; };
		A538E3C22BF50C1400485EF3 /* Bet.swift in Sources */ = {isa = PBXBuildFile; fileRef = A538E3C12BF50C1400485EF3 /* Bet.swift */; };
		A538E3C52BF50F7900485EF3 /* BetVM.swift in Sources */ = {isa = PBXBuildFile; fileRef = A538E3C42BF50F7900485EF3 /* BetVM.swift */; };
		A538E3C72BF50F8F00485EF3 /* BetCell.swift in Sources */ = {isa = PBXBuildFile; fileRef = A538E3C62BF50F8F00485EF3 /* BetCell.swift */; };
		A55723A72C42E86E0051D0D9 /* RealmSwift in Frameworks */ = {isa = PBXBuildFile; productRef = A55723A62C42E86E0051D0D9 /* RealmSwift */; };
		A55723A82C42E86E0051D0D9 /* RealmSwift in Embed Frameworks */ = {isa = PBXBuildFile; productRef = A55723A62C42E86E0051D0D9 /* RealmSwift */; settings = {ATTRIBUTES = (CodeSignOnCopy, ); }; };
		A55723AD2C42ED230051D0D9 /* RealmManager.swift in Sources */ = {isa = PBXBuildFile; fileRef = A55723AC2C42ED230051D0D9 /* RealmManager.swift */; };
		A55723B02C4562B60051D0D9 /* GameProtocol.swift in Sources */ = {isa = PBXBuildFile; fileRef = A55723AF2C4562B60051D0D9 /* GameProtocol.swift */; };
		A55723B22C45631F0051D0D9 /* BetDTORealm.swift in Sources */ = {isa = PBXBuildFile; fileRef = A55723B12C45631F0051D0D9 /* BetDTORealm.swift */; };
		A55723B42C46F7E00051D0D9 /* BetRealmRepository.swift in Sources */ = {isa = PBXBuildFile; fileRef = A55723B32C46F7E00051D0D9 /* BetRealmRepository.swift */; };
		A55723B62C46F80C0051D0D9 /* BetRepositoryProtocol.swift in Sources */ = {isa = PBXBuildFile; fileRef = A55723B52C46F80C0051D0D9 /* BetRepositoryProtocol.swift */; };
		A55723B82C46FCDE0051D0D9 /* BetProtocol.swift in Sources */ = {isa = PBXBuildFile; fileRef = A55723B72C46FCDE0051D0D9 /* BetProtocol.swift */; };
		A5E40C312BF8DC850056AC63 /* ScreenType.swift in Sources */ = {isa = PBXBuildFile; fileRef = A5E40C302BF8DC850056AC63 /* ScreenType.swift */; };
		A5E40C342BF9FCA40056AC63 /* NewBetController.swift in Sources */ = {isa = PBXBuildFile; fileRef = A5E40C332BF9FCA40056AC63 /* NewBetController.swift */; };
		A5E40C362BF9FCBE0056AC63 /* NewBetView.swift in Sources */ = {isa = PBXBuildFile; fileRef = A5E40C352BF9FCBE0056AC63 /* NewBetView.swift */; };
		A5E40C382BF9FCD70056AC63 /* NewBetViewModel.swift in Sources */ = {isa = PBXBuildFile; fileRef = A5E40C372BF9FCD70056AC63 /* NewBetViewModel.swift */; };
		FA7F80BB2BEEADAD00885CEC /* Images.xcassets in Resources */ = {isa = PBXBuildFile; fileRef = FA7F80BA2BEEADAD00885CEC /* Images.xcassets */; };
		FABB838E2BEF8F2B0092F21B /* Colors.xcassets in Resources */ = {isa = PBXBuildFile; fileRef = FABB838D2BEF8F2B0092F21B /* Colors.xcassets */; };
		FABB83942BEF94160092F21B /* Inter-Medium.ttf in Resources */ = {isa = PBXBuildFile; fileRef = FABB83902BEF94160092F21B /* Inter-Medium.ttf */; };
		FABB83952BEF94160092F21B /* Inter-Light.ttf in Resources */ = {isa = PBXBuildFile; fileRef = FABB83912BEF94160092F21B /* Inter-Light.ttf */; };
		FABB83962BEF94160092F21B /* Inter-ExtraLight.ttf in Resources */ = {isa = PBXBuildFile; fileRef = FABB83922BEF94160092F21B /* Inter-ExtraLight.ttf */; };
		FABB83972BEF94160092F21B /* Inter-Regular.ttf in Resources */ = {isa = PBXBuildFile; fileRef = FABB83932BEF94160092F21B /* Inter-Regular.ttf */; };
		FABB83992BEF94A80092F21B /* Fonts.swift in Sources */ = {isa = PBXBuildFile; fileRef = FABB83982BEF94A80092F21B /* Fonts.swift */; };
		FAE48A7A2C17881E0046F6A0 /* GameService.swift in Sources */ = {isa = PBXBuildFile; fileRef = FAE48A792C17881E0046F6A0 /* GameService.swift */; };
		FAE48A7D2C178A0C0046F6A0 /* GameRepository.swift in Sources */ = {isa = PBXBuildFile; fileRef = FAE48A7C2C178A0C0046F6A0 /* GameRepository.swift */; };
		FAE48A802C178AC40046F6A0 /* GameDTO.swift in Sources */ = {isa = PBXBuildFile; fileRef = FAE48A7F2C178AC40046F6A0 /* GameDTO.swift */; };
		FAE48A822C1793260046F6A0 /* ExtraServerData.swift in Sources */ = {isa = PBXBuildFile; fileRef = FAE48A812C1793260046F6A0 /* ExtraServerData.swift */; };
		FAF8171E2BF8D582003BBBD3 /* InfoView.swift in Sources */ = {isa = PBXBuildFile; fileRef = FAF8171D2BF8D582003BBBD3 /* InfoView.swift */; };
/* End PBXBuildFile section */

/* Begin PBXCopyFilesBuildPhase section */
		A55723A92C42E86E0051D0D9 /* Embed Frameworks */ = {
			isa = PBXCopyFilesBuildPhase;
			buildActionMask = 2147483647;
			dstPath = "";
			dstSubfolderSpec = 10;
			files = (
				A55723A82C42E86E0051D0D9 /* RealmSwift in Embed Frameworks */,
			);
			name = "Embed Frameworks";
			runOnlyForDeploymentPostprocessing = 0;
		};
/* End PBXCopyFilesBuildPhase section */

/* Begin PBXFileReference section */
		8EA4AE9C2C43FB050083536F /* GameRepositoryProtocol.swift */ = {isa = PBXFileReference; lastKnownFileType = sourcecode.swift; path = GameRepositoryProtocol.swift; sourceTree = "<group>"; };
		8EA4AE9E2C43FB860083536F /* GameRealmRepository.swift */ = {isa = PBXFileReference; lastKnownFileType = sourcecode.swift; path = GameRealmRepository.swift; sourceTree = "<group>"; };
		8EA4AEA12C4401FF0083536F /* GameDTORealm.swift */ = {isa = PBXFileReference; lastKnownFileType = sourcecode.swift; path = GameDTORealm.swift; sourceTree = "<group>"; };
		A50864A22C235D2B004F0F11 /* BetDTO.swift */ = {isa = PBXFileReference; lastKnownFileType = sourcecode.swift; path = BetDTO.swift; sourceTree = "<group>"; };
		A50864A42C235DDD004F0F11 /* BetRepository.swift */ = {isa = PBXFileReference; lastKnownFileType = sourcecode.swift; path = BetRepository.swift; sourceTree = "<group>"; };
		A50864A62C235DF9004F0F11 /* BetService.swift */ = {isa = PBXFileReference; lastKnownFileType = sourcecode.swift; path = BetService.swift; sourceTree = "<group>"; };
		A50864AA2C2CAD7E004F0F11 /* ServiceFactory.swift */ = {isa = PBXFileReference; lastKnownFileType = sourcecode.swift; path = ServiceFactory.swift; sourceTree = "<group>"; };
		A50864AC2C39B39E004F0F11 /* PastGamesView.swift */ = {isa = PBXFileReference; lastKnownFileType = sourcecode.swift; path = PastGamesView.swift; sourceTree = "<group>"; };
		A50864AF2C39C407004F0F11 /* PastGameCell.swift */ = {isa = PBXFileReference; lastKnownFileType = sourcecode.swift; path = PastGameCell.swift; sourceTree = "<group>"; };
		A50864B12C39C46F004F0F11 /* PastGameVM.swift */ = {isa = PBXFileReference; lastKnownFileType = sourcecode.swift; path = PastGameVM.swift; sourceTree = "<group>"; };
		A514A3232C01F49A0014BBD4 /* CustomTextField.swift */ = {isa = PBXFileReference; lastKnownFileType = sourcecode.swift; path = CustomTextField.swift; sourceTree = "<group>"; };
		A514A3252C0A17480014BBD4 /* AlertModel.swift */ = {isa = PBXFileReference; lastKnownFileType = sourcecode.swift; path = AlertModel.swift; sourceTree = "<group>"; };
		A514A3272C0E06B50014BBD4 /* CustomTextField+ext.swift */ = {isa = PBXFileReference; lastKnownFileType = sourcecode.swift; path = "CustomTextField+ext.swift"; sourceTree = "<group>"; };
		A52C53B02BEE8B8300699D2E /* SkyDunk.app */ = {isa = PBXFileReference; explicitFileType = wrapper.application; includeInIndex = 0; path = SkyDunk.app; sourceTree = BUILT_PRODUCTS_DIR; };
		A52C53B32BEE8B8300699D2E /* AppDelegate.swift */ = {isa = PBXFileReference; lastKnownFileType = sourcecode.swift; path = AppDelegate.swift; sourceTree = "<group>"; };
		A52C53B52BEE8B8300699D2E /* SceneDelegate.swift */ = {isa = PBXFileReference; lastKnownFileType = sourcecode.swift; path = SceneDelegate.swift; sourceTree = "<group>"; };
		A52C53BC2BEE8B8500699D2E /* Assets.xcassets */ = {isa = PBXFileReference; lastKnownFileType = folder.assetcatalog; path = Assets.xcassets; sourceTree = "<group>"; };
		A52C53BF2BEE8B8500699D2E /* Base */ = {isa = PBXFileReference; lastKnownFileType = file.storyboard; name = Base; path = Base.lproj/LaunchScreen.storyboard; sourceTree = "<group>"; };
		A52C53C12BEE8B8500699D2E /* Info.plist */ = {isa = PBXFileReference; lastKnownFileType = text.plist.xml; path = Info.plist; sourceTree = "<group>"; };
		A52C53CB2BEE916300699D2E /* HomeController.swift */ = {isa = PBXFileReference; lastKnownFileType = sourcecode.swift; path = HomeController.swift; sourceTree = "<group>"; };
		A52C53CD2BEE92CE00699D2E /* PastGamesController.swift */ = {isa = PBXFileReference; lastKnownFileType = sourcecode.swift; path = PastGamesController.swift; sourceTree = "<group>"; };
		A52C53D12BEE95FA00699D2E /* HomeViewModel.swift */ = {isa = PBXFileReference; lastKnownFileType = sourcecode.swift; path = HomeViewModel.swift; sourceTree = "<group>"; };
		A52C53D32BEE963B00699D2E /* HomeView.swift */ = {isa = PBXFileReference; lastKnownFileType = sourcecode.swift; path = HomeView.swift; sourceTree = "<group>"; };
		A52C53D62BEE9B3C00699D2E /* LastGameView.swift */ = {isa = PBXFileReference; lastKnownFileType = sourcecode.swift; path = LastGameView.swift; sourceTree = "<group>"; };
		A52C53D92BEEB2D700699D2E /* UIView+ext.swift */ = {isa = PBXFileReference; lastKnownFileType = sourcecode.swift; path = "UIView+ext.swift"; sourceTree = "<group>"; };
		A52C53DC2BEEB54D00699D2E /* LastGameVM.swift */ = {isa = PBXFileReference; lastKnownFileType = sourcecode.swift; path = LastGameVM.swift; sourceTree = "<group>"; };
		A52C53DE2BEF93C200699D2E /* Date+ext.swift */ = {isa = PBXFileReference; lastKnownFileType = sourcecode.swift; path = "Date+ext.swift"; sourceTree = "<group>"; };
		A52C53E02BEF9D6300699D2E /* UILabel+ext.swift */ = {isa = PBXFileReference; lastKnownFileType = sourcecode.swift; path = "UILabel+ext.swift"; sourceTree = "<group>"; };
		A52C53E32BEFA3A900699D2E /* GameCell.swift */ = {isa = PBXFileReference; lastKnownFileType = sourcecode.swift; path = GameCell.swift; sourceTree = "<group>"; };
		A52C53E52BEFC38F00699D2E /* GradientView.swift */ = {isa = PBXFileReference; lastKnownFileType = sourcecode.swift; path = GradientView.swift; sourceTree = "<group>"; };
		A52C53E72BEFC5BF00699D2E /* GameVM.swift */ = {isa = PBXFileReference; lastKnownFileType = sourcecode.swift; path = GameVM.swift; sourceTree = "<group>"; };
		A52C53EC2BEFC6B500699D2E /* TeamType+ext.swift */ = {isa = PBXFileReference; lastKnownFileType = sourcecode.swift; path = "TeamType+ext.swift"; sourceTree = "<group>"; };
		A52C53EE2BEFF7E000699D2E /* TeamType.swift */ = {isa = PBXFileReference; fileEncoding = 4; lastKnownFileType = sourcecode.swift; path = TeamType.swift; sourceTree = "<group>"; };
		A52C53F52BEFFB8C00699D2E /* BaseController.swift */ = {isa = PBXFileReference; lastKnownFileType = sourcecode.swift; path = BaseController.swift; sourceTree = "<group>"; };
		A52C53F72BF0003A00699D2E /* BaseViewModel.swift */ = {isa = PBXFileReference; lastKnownFileType = sourcecode.swift; path = BaseViewModel.swift; sourceTree = "<group>"; };
		A52C53F92BF001C300699D2E /* PastGamesViewModel.swift */ = {isa = PBXFileReference; lastKnownFileType = sourcecode.swift; path = PastGamesViewModel.swift; sourceTree = "<group>"; };
		A52C53FC2BF10ED400699D2E /* GameViewModel.swift */ = {isa = PBXFileReference; lastKnownFileType = sourcecode.swift; path = GameViewModel.swift; sourceTree = "<group>"; };
		A52C53FE2BF10EF900699D2E /* GameController.swift */ = {isa = PBXFileReference; lastKnownFileType = sourcecode.swift; path = GameController.swift; sourceTree = "<group>"; };
		A52C54002BF10F1D00699D2E /* GameView.swift */ = {isa = PBXFileReference; lastKnownFileType = sourcecode.swift; path = GameView.swift; sourceTree = "<group>"; };
		A52C54022BF1101000699D2E /* Game.swift */ = {isa = PBXFileReference; lastKnownFileType = sourcecode.swift; path = Game.swift; sourceTree = "<group>"; };
		A52C54052BF11FF800699D2E /* GameHeaderView.swift */ = {isa = PBXFileReference; lastKnownFileType = sourcecode.swift; path = GameHeaderView.swift; sourceTree = "<group>"; };
		A52C54072BF1200300699D2E /* GameHeaderVM.swift */ = {isa = PBXFileReference; lastKnownFileType = sourcecode.swift; path = GameHeaderVM.swift; sourceTree = "<group>"; };
		A538E3C12BF50C1400485EF3 /* Bet.swift */ = {isa = PBXFileReference; lastKnownFileType = sourcecode.swift; path = Bet.swift; sourceTree = "<group>"; };
		A538E3C42BF50F7900485EF3 /* BetVM.swift */ = {isa = PBXFileReference; lastKnownFileType = sourcecode.swift; path = BetVM.swift; sourceTree = "<group>"; };
		A538E3C62BF50F8F00485EF3 /* BetCell.swift */ = {isa = PBXFileReference; lastKnownFileType = sourcecode.swift; path = BetCell.swift; sourceTree = "<group>"; };
		A55723AC2C42ED230051D0D9 /* RealmManager.swift */ = {isa = PBXFileReference; lastKnownFileType = sourcecode.swift; path = RealmManager.swift; sourceTree = "<group>"; };
		A55723AF2C4562B60051D0D9 /* GameProtocol.swift */ = {isa = PBXFileReference; lastKnownFileType = sourcecode.swift; path = GameProtocol.swift; sourceTree = "<group>"; };
		A55723B12C45631F0051D0D9 /* BetDTORealm.swift */ = {isa = PBXFileReference; lastKnownFileType = sourcecode.swift; path = BetDTORealm.swift; sourceTree = "<group>"; };
		A55723B32C46F7E00051D0D9 /* BetRealmRepository.swift */ = {isa = PBXFileReference; lastKnownFileType = sourcecode.swift; path = BetRealmRepository.swift; sourceTree = "<group>"; };
		A55723B52C46F80C0051D0D9 /* BetRepositoryProtocol.swift */ = {isa = PBXFileReference; lastKnownFileType = sourcecode.swift; path = BetRepositoryProtocol.swift; sourceTree = "<group>"; };
		A55723B72C46FCDE0051D0D9 /* BetProtocol.swift */ = {isa = PBXFileReference; lastKnownFileType = sourcecode.swift; path = BetProtocol.swift; sourceTree = "<group>"; };
		A5E40C302BF8DC850056AC63 /* ScreenType.swift */ = {isa = PBXFileReference; lastKnownFileType = sourcecode.swift; path = ScreenType.swift; sourceTree = "<group>"; };
		A5E40C332BF9FCA40056AC63 /* NewBetController.swift */ = {isa = PBXFileReference; lastKnownFileType = sourcecode.swift; path = NewBetController.swift; sourceTree = "<group>"; };
		A5E40C352BF9FCBE0056AC63 /* NewBetView.swift */ = {isa = PBXFileReference; lastKnownFileType = sourcecode.swift; path = NewBetView.swift; sourceTree = "<group>"; };
		A5E40C372BF9FCD70056AC63 /* NewBetViewModel.swift */ = {isa = PBXFileReference; lastKnownFileType = sourcecode.swift; path = NewBetViewModel.swift; sourceTree = "<group>"; };
		FA7F80BA2BEEADAD00885CEC /* Images.xcassets */ = {isa = PBXFileReference; lastKnownFileType = folder.assetcatalog; path = Images.xcassets; sourceTree = "<group>"; };
		FABB838D2BEF8F2B0092F21B /* Colors.xcassets */ = {isa = PBXFileReference; lastKnownFileType = folder.assetcatalog; path = Colors.xcassets; sourceTree = "<group>"; };
		FABB83902BEF94160092F21B /* Inter-Medium.ttf */ = {isa = PBXFileReference; lastKnownFileType = file; path = "Inter-Medium.ttf"; sourceTree = "<group>"; };
		FABB83912BEF94160092F21B /* Inter-Light.ttf */ = {isa = PBXFileReference; lastKnownFileType = file; path = "Inter-Light.ttf"; sourceTree = "<group>"; };
		FABB83922BEF94160092F21B /* Inter-ExtraLight.ttf */ = {isa = PBXFileReference; lastKnownFileType = file; path = "Inter-ExtraLight.ttf"; sourceTree = "<group>"; };
		FABB83932BEF94160092F21B /* Inter-Regular.ttf */ = {isa = PBXFileReference; lastKnownFileType = file; path = "Inter-Regular.ttf"; sourceTree = "<group>"; };
		FABB83982BEF94A80092F21B /* Fonts.swift */ = {isa = PBXFileReference; lastKnownFileType = sourcecode.swift; path = Fonts.swift; sourceTree = "<group>"; };
		FAE48A792C17881E0046F6A0 /* GameService.swift */ = {isa = PBXFileReference; lastKnownFileType = sourcecode.swift; path = GameService.swift; sourceTree = "<group>"; };
		FAE48A7C2C178A0C0046F6A0 /* GameRepository.swift */ = {isa = PBXFileReference; lastKnownFileType = sourcecode.swift; path = GameRepository.swift; sourceTree = "<group>"; };
		FAE48A7F2C178AC40046F6A0 /* GameDTO.swift */ = {isa = PBXFileReference; lastKnownFileType = sourcecode.swift; path = GameDTO.swift; sourceTree = "<group>"; };
		FAE48A812C1793260046F6A0 /* ExtraServerData.swift */ = {isa = PBXFileReference; lastKnownFileType = sourcecode.swift; path = ExtraServerData.swift; sourceTree = "<group>"; };
		FAF8171D2BF8D582003BBBD3 /* InfoView.swift */ = {isa = PBXFileReference; lastKnownFileType = sourcecode.swift; path = InfoView.swift; sourceTree = "<group>"; };
/* End PBXFileReference section */

/* Begin PBXFrameworksBuildPhase section */
		A52C53AD2BEE8B8300699D2E /* Frameworks */ = {
			isa = PBXFrameworksBuildPhase;
			buildActionMask = 2147483647;
			files = (
				A55723A72C42E86E0051D0D9 /* RealmSwift in Frameworks */,
			);
			runOnlyForDeploymentPostprocessing = 0;
		};
/* End PBXFrameworksBuildPhase section */

/* Begin PBXGroup section */
		8EA4AEA02C4401C30083536F /* DTOsRealm */ = {
			isa = PBXGroup;
			children = (
				8EA4AEA12C4401FF0083536F /* GameDTORealm.swift */,
				A55723B12C45631F0051D0D9 /* BetDTORealm.swift */,
			);
			path = DTOsRealm;
			sourceTree = "<group>";
		};
		A50864AE2C39C3F9004F0F11 /* Cells */ = {
			isa = PBXGroup;
			children = (
				A50864AF2C39C407004F0F11 /* PastGameCell.swift */,
				A50864B12C39C46F004F0F11 /* PastGameVM.swift */,
			);
			path = Cells;
			sourceTree = "<group>";
		};
		A50864B32C4015BB004F0F11 /* Game */ = {
			isa = PBXGroup;
			children = (
				A52C53E32BEFA3A900699D2E /* GameCell.swift */,
				A52C53E72BEFC5BF00699D2E /* GameVM.swift */,
			);
			path = Game;
			sourceTree = "<group>";
		};
		A514A3292C0F64420014BBD4 /* Bet */ = {
			isa = PBXGroup;
			children = (
				A538E3C42BF50F7900485EF3 /* BetVM.swift */,
				A538E3C62BF50F8F00485EF3 /* BetCell.swift */,
			);
			path = Bet;
			sourceTree = "<group>";
		};
		A52C53A72BEE8B8300699D2E = {
			isa = PBXGroup;
			children = (
				A52C53B22BEE8B8300699D2E /* SkyDunk */,
				A52C53B12BEE8B8300699D2E /* Products */,
				A55723A52C42E86E0051D0D9 /* Frameworks */,
			);
			sourceTree = "<group>";
		};
		A52C53B12BEE8B8300699D2E /* Products */ = {
			isa = PBXGroup;
			children = (
				A52C53B02BEE8B8300699D2E /* SkyDunk.app */,
			);
			name = Products;
			sourceTree = "<group>";
		};
		A52C53B22BEE8B8300699D2E /* SkyDunk */ = {
			isa = PBXGroup;
			children = (
				A52C53D82BEEB2BD00699D2E /* Extensions */,
				A52C53CA2BEE90B700699D2E /* UI */,
				A52C53C92BEE8F9600699D2E /* Resources */,
				A52C53C82BEE8F6A00699D2E /* Services */,
				FAE48A7B2C1789E40046F6A0 /* Repositories */,
				A52C53C72BEE8F5F00699D2E /* System */,
			);
			path = SkyDunk;
			sourceTree = "<group>";
		};
		A52C53C72BEE8F5F00699D2E /* System */ = {
			isa = PBXGroup;
			children = (
				A52C53B32BEE8B8300699D2E /* AppDelegate.swift */,
				A52C53B52BEE8B8300699D2E /* SceneDelegate.swift */,
				A52C53C12BEE8B8500699D2E /* Info.plist */,
				A52C53BE2BEE8B8500699D2E /* LaunchScreen.storyboard */,
			);
			path = System;
			sourceTree = "<group>";
		};
		A52C53C82BEE8F6A00699D2E /* Services */ = {
			isa = PBXGroup;
			children = (
				A52C53E92BEFC65000699D2E /* Models */,
				FAE48A792C17881E0046F6A0 /* GameService.swift */,
				A50864A62C235DF9004F0F11 /* BetService.swift */,
				A50864AA2C2CAD7E004F0F11 /* ServiceFactory.swift */,
			);
			path = Services;
			sourceTree = "<group>";
		};
		A52C53C92BEE8F9600699D2E /* Resources */ = {
			isa = PBXGroup;
			children = (
				FABB838F2BEF94010092F21B /* Fonts */,
				A52C53BC2BEE8B8500699D2E /* Assets.xcassets */,
				FA7F80BA2BEEADAD00885CEC /* Images.xcassets */,
				FABB838D2BEF8F2B0092F21B /* Colors.xcassets */,
			);
			path = Resources;
			sourceTree = "<group>";
		};
		A52C53CA2BEE90B700699D2E /* UI */ = {
			isa = PBXGroup;
			children = (
				A5E40C322BF9FC970056AC63 /* NewBet */,
				A52C53FB2BF10E7F00699D2E /* Game */,
				A52C53F42BEFFB6800699D2E /* Base */,
				A52C53D52BEE9B2400699D2E /* Components */,
				A52C53D02BEE95D300699D2E /* PastGames */,
				A52C53CF2BEE95CD00699D2E /* Home */,
			);
			path = UI;
			sourceTree = "<group>";
		};
		A52C53CF2BEE95CD00699D2E /* Home */ = {
			isa = PBXGroup;
			children = (
				A52C53CB2BEE916300699D2E /* HomeController.swift */,
				A52C53D12BEE95FA00699D2E /* HomeViewModel.swift */,
				A52C53D32BEE963B00699D2E /* HomeView.swift */,
			);
			path = Home;
			sourceTree = "<group>";
		};
		A52C53D02BEE95D300699D2E /* PastGames */ = {
			isa = PBXGroup;
			children = (
				A50864AE2C39C3F9004F0F11 /* Cells */,
				A52C53CD2BEE92CE00699D2E /* PastGamesController.swift */,
				A52C53F92BF001C300699D2E /* PastGamesViewModel.swift */,
				A50864AC2C39B39E004F0F11 /* PastGamesView.swift */,
			);
			path = PastGames;
			sourceTree = "<group>";
		};
		A52C53D52BEE9B2400699D2E /* Components */ = {
			isa = PBXGroup;
			children = (
				A50864B32C4015BB004F0F11 /* Game */,
				A514A3292C0F64420014BBD4 /* Bet */,
				A52C54042BF11F7800699D2E /* GameHeader */,
				A52C53DB2BEEB4EF00699D2E /* LastGameView */,
				A52C53E52BEFC38F00699D2E /* GradientView.swift */,
				FAF8171D2BF8D582003BBBD3 /* InfoView.swift */,
				A514A3232C01F49A0014BBD4 /* CustomTextField.swift */,
			);
			path = Components;
			sourceTree = "<group>";
		};
		A52C53D82BEEB2BD00699D2E /* Extensions */ = {
			isa = PBXGroup;
			children = (
				A52C53D92BEEB2D700699D2E /* UIView+ext.swift */,
				A52C53DE2BEF93C200699D2E /* Date+ext.swift */,
				A52C53E02BEF9D6300699D2E /* UILabel+ext.swift */,
				A52C53EC2BEFC6B500699D2E /* TeamType+ext.swift */,
				A514A3272C0E06B50014BBD4 /* CustomTextField+ext.swift */,
			);
			path = Extensions;
			sourceTree = "<group>";
		};
		A52C53DB2BEEB4EF00699D2E /* LastGameView */ = {
			isa = PBXGroup;
			children = (
				A52C53D62BEE9B3C00699D2E /* LastGameView.swift */,
				A52C53DC2BEEB54D00699D2E /* LastGameVM.swift */,
			);
			path = LastGameView;
			sourceTree = "<group>";
		};
		A52C53E92BEFC65000699D2E /* Models */ = {
			isa = PBXGroup;
			children = (
				A52C53EE2BEFF7E000699D2E /* TeamType.swift */,
				A52C54022BF1101000699D2E /* Game.swift */,
				A538E3C12BF50C1400485EF3 /* Bet.swift */,
			);
			path = Models;
			sourceTree = "<group>";
		};
		A52C53F42BEFFB6800699D2E /* Base */ = {
			isa = PBXGroup;
			children = (
				A52C53F52BEFFB8C00699D2E /* BaseController.swift */,
				A52C53F72BF0003A00699D2E /* BaseViewModel.swift */,
				A5E40C302BF8DC850056AC63 /* ScreenType.swift */,
				A514A3252C0A17480014BBD4 /* AlertModel.swift */,
			);
			path = Base;
			sourceTree = "<group>";
		};
		A52C53FB2BF10E7F00699D2E /* Game */ = {
			isa = PBXGroup;
			children = (
				A52C53FC2BF10ED400699D2E /* GameViewModel.swift */,
				A52C53FE2BF10EF900699D2E /* GameController.swift */,
				A52C54002BF10F1D00699D2E /* GameView.swift */,
			);
			path = Game;
			sourceTree = "<group>";
		};
		A52C54042BF11F7800699D2E /* GameHeader */ = {
			isa = PBXGroup;
			children = (
				A52C54052BF11FF800699D2E /* GameHeaderView.swift */,
				A52C54072BF1200300699D2E /* GameHeaderVM.swift */,
			);
			path = GameHeader;
			sourceTree = "<group>";
		};
		A55723A52C42E86E0051D0D9 /* Frameworks */ = {
			isa = PBXGroup;
			children = (
			);
			name = Frameworks;
			sourceTree = "<group>";
		};
		A55723AA2C42ED070051D0D9 /* Protocols */ = {
			isa = PBXGroup;
			children = (
				8EA4AE9C2C43FB050083536F /* GameRepositoryProtocol.swift */,
				A55723AF2C4562B60051D0D9 /* GameProtocol.swift */,
				A55723B52C46F80C0051D0D9 /* BetRepositoryProtocol.swift */,
				A55723B72C46FCDE0051D0D9 /* BetProtocol.swift */,
			);
			path = Protocols;
			sourceTree = "<group>";
		};
		A55723AB2C42ED100051D0D9 /* Realm */ = {
			isa = PBXGroup;
			children = (
				8EA4AEA02C4401C30083536F /* DTOsRealm */,
				A55723AC2C42ED230051D0D9 /* RealmManager.swift */,
				8EA4AE9E2C43FB860083536F /* GameRealmRepository.swift */,
				A55723B32C46F7E00051D0D9 /* BetRealmRepository.swift */,
			);
			path = Realm;
			sourceTree = "<group>";
		};
		A55723AE2C4560D90051D0D9 /* ExtraServer */ = {
			isa = PBXGroup;
			children = (
				FAE48A7C2C178A0C0046F6A0 /* GameRepository.swift */,
				A50864A42C235DDD004F0F11 /* BetRepository.swift */,
				FAE48A812C1793260046F6A0 /* ExtraServerData.swift */,
			);
			path = ExtraServer;
			sourceTree = "<group>";
		};
		A5E40C322BF9FC970056AC63 /* NewBet */ = {
			isa = PBXGroup;
			children = (
				A5E40C332BF9FCA40056AC63 /* NewBetController.swift */,
				A5E40C352BF9FCBE0056AC63 /* NewBetView.swift */,
				A5E40C372BF9FCD70056AC63 /* NewBetViewModel.swift */,
			);
			path = NewBet;
			sourceTree = "<group>";
		};
		FABB838F2BEF94010092F21B /* Fonts */ = {
			isa = PBXGroup;
			children = (
				FABB83922BEF94160092F21B /* Inter-ExtraLight.ttf */,
				FABB83912BEF94160092F21B /* Inter-Light.ttf */,
				FABB83902BEF94160092F21B /* Inter-Medium.ttf */,
				FABB83932BEF94160092F21B /* Inter-Regular.ttf */,
				FABB83982BEF94A80092F21B /* Fonts.swift */,
			);
			path = Fonts;
			sourceTree = "<group>";
		};
		FAE48A7B2C1789E40046F6A0 /* Repositories */ = {
			isa = PBXGroup;
			children = (
				A55723AE2C4560D90051D0D9 /* ExtraServer */,
				A55723AB2C42ED100051D0D9 /* Realm */,
				A55723AA2C42ED070051D0D9 /* Protocols */,
				FAE48A7E2C178AAC0046F6A0 /* DTOs */,
			);
			path = Repositories;
			sourceTree = "<group>";
		};
		FAE48A7E2C178AAC0046F6A0 /* DTOs */ = {
			isa = PBXGroup;
			children = (
				FAE48A7F2C178AC40046F6A0 /* GameDTO.swift */,
				A50864A22C235D2B004F0F11 /* BetDTO.swift */,
			);
			path = DTOs;
			sourceTree = "<group>";
		};
/* End PBXGroup section */

/* Begin PBXNativeTarget section */
		A52C53AF2BEE8B8300699D2E /* SkyDunk */ = {
			isa = PBXNativeTarget;
			buildConfigurationList = A52C53C42BEE8B8500699D2E /* Build configuration list for PBXNativeTarget "SkyDunk" */;
			buildPhases = (
				A52C53AC2BEE8B8300699D2E /* Sources */,
				A52C53AD2BEE8B8300699D2E /* Frameworks */,
				A52C53AE2BEE8B8300699D2E /* Resources */,
				A55723A92C42E86E0051D0D9 /* Embed Frameworks */,
			);
			buildRules = (
			);
			dependencies = (
			);
			name = SkyDunk;
			packageProductDependencies = (
				A55723A62C42E86E0051D0D9 /* RealmSwift */,
			);
			productName = SkyDunk;
			productReference = A52C53B02BEE8B8300699D2E /* SkyDunk.app */;
			productType = "com.apple.product-type.application";
		};
/* End PBXNativeTarget section */

/* Begin PBXProject section */
		A52C53A82BEE8B8300699D2E /* Project object */ = {
			isa = PBXProject;
			attributes = {
				BuildIndependentTargetsInParallel = 1;
				LastSwiftUpdateCheck = 1520;
				LastUpgradeCheck = 1520;
				TargetAttributes = {
					A52C53AF2BEE8B8300699D2E = {
						CreatedOnToolsVersion = 15.2;
					};
				};
			};
			buildConfigurationList = A52C53AB2BEE8B8300699D2E /* Build configuration list for PBXProject "SkyDunk" */;
			compatibilityVersion = "Xcode 14.0";
			developmentRegion = en;
			hasScannedForEncodings = 0;
			knownRegions = (
				en,
				Base,
			);
			mainGroup = A52C53A72BEE8B8300699D2E;
			packageReferences = (
				A55723A02C42E28D0051D0D9 /* XCRemoteSwiftPackageReference "realm-swift" */,
			);
			productRefGroup = A52C53B12BEE8B8300699D2E /* Products */;
			projectDirPath = "";
			projectRoot = "";
			targets = (
				A52C53AF2BEE8B8300699D2E /* SkyDunk */,
			);
		};
/* End PBXProject section */

/* Begin PBXResourcesBuildPhase section */
		A52C53AE2BEE8B8300699D2E /* Resources */ = {
			isa = PBXResourcesBuildPhase;
			buildActionMask = 2147483647;
			files = (
				FA7F80BB2BEEADAD00885CEC /* Images.xcassets in Resources */,
				FABB838E2BEF8F2B0092F21B /* Colors.xcassets in Resources */,
				A52C53C02BEE8B8500699D2E /* LaunchScreen.storyboard in Resources */,
				FABB83962BEF94160092F21B /* Inter-ExtraLight.ttf in Resources */,
				FABB83942BEF94160092F21B /* Inter-Medium.ttf in Resources */,
				FABB83952BEF94160092F21B /* Inter-Light.ttf in Resources */,
				FABB83972BEF94160092F21B /* Inter-Regular.ttf in Resources */,
				A52C53BD2BEE8B8500699D2E /* Assets.xcassets in Resources */,
			);
			runOnlyForDeploymentPostprocessing = 0;
		};
/* End PBXResourcesBuildPhase section */

/* Begin PBXSourcesBuildPhase section */
		A52C53AC2BEE8B8300699D2E /* Sources */ = {
			isa = PBXSourcesBuildPhase;
			buildActionMask = 2147483647;
			files = (
				A52C53FA2BF001C300699D2E /* PastGamesViewModel.swift in Sources */,
				A52C53DA2BEEB2D700699D2E /* UIView+ext.swift in Sources */,
				A52C53B42BEE8B8300699D2E /* AppDelegate.swift in Sources */,
				8EA4AE9D2C43FB050083536F /* GameRepositoryProtocol.swift in Sources */,
				A50864B02C39C407004F0F11 /* PastGameCell.swift in Sources */,
				A5E40C382BF9FCD70056AC63 /* NewBetViewModel.swift in Sources */,
				A52C53ED2BEFC6B500699D2E /* TeamType+ext.swift in Sources */,
				A52C53E42BEFA3AA00699D2E /* GameCell.swift in Sources */,
				FAE48A822C1793260046F6A0 /* ExtraServerData.swift in Sources */,
				A52C53D72BEE9B3C00699D2E /* LastGameView.swift in Sources */,
				A514A3282C0E06B50014BBD4 /* CustomTextField+ext.swift in Sources */,
				A52C53FD2BF10ED400699D2E /* GameViewModel.swift in Sources */,
				A52C54032BF1101000699D2E /* Game.swift in Sources */,
				A55723AD2C42ED230051D0D9 /* RealmManager.swift in Sources */,
				A52C53EF2BEFF7E000699D2E /* TeamType.swift in Sources */,
				A52C53E62BEFC38F00699D2E /* GradientView.swift in Sources */,
				A52C53CE2BEE92CE00699D2E /* PastGamesController.swift in Sources */,
				A52C53B62BEE8B8300699D2E /* SceneDelegate.swift in Sources */,
				A50864B22C39C46F004F0F11 /* PastGameVM.swift in Sources */,
				A538E3C52BF50F7900485EF3 /* BetVM.swift in Sources */,
				A538E3C72BF50F8F00485EF3 /* BetCell.swift in Sources */,
				A52C53DD2BEEB54E00699D2E /* LastGameVM.swift in Sources */,
				FAE48A802C178AC40046F6A0 /* GameDTO.swift in Sources */,
				A55723B22C45631F0051D0D9 /* BetDTORealm.swift in Sources */,
				A514A3262C0A17480014BBD4 /* AlertModel.swift in Sources */,
				A52C54012BF10F1D00699D2E /* GameView.swift in Sources */,
				A52C53F62BEFFB8C00699D2E /* BaseController.swift in Sources */,
				FABB83992BEF94A80092F21B /* Fonts.swift in Sources */,
				A52C53D42BEE963B00699D2E /* HomeView.swift in Sources */,
				A52C53D22BEE95FA00699D2E /* HomeViewModel.swift in Sources */,
				A52C53F82BF0003A00699D2E /* BaseViewModel.swift in Sources */,
				A52C53CC2BEE916300699D2E /* HomeController.swift in Sources */,
				A52C53E12BEF9D6300699D2E /* UILabel+ext.swift in Sources */,
				A52C54082BF1200300699D2E /* GameHeaderVM.swift in Sources */,
				A5E40C362BF9FCBE0056AC63 /* NewBetView.swift in Sources */,
				A55723B62C46F80C0051D0D9 /* BetRepositoryProtocol.swift in Sources */,
				A55723B82C46FCDE0051D0D9 /* BetProtocol.swift in Sources */,
				A52C53FF2BF10EF900699D2E /* GameController.swift in Sources */,
				A52C53E82BEFC5BF00699D2E /* GameVM.swift in Sources */,
				A5E40C342BF9FCA40056AC63 /* NewBetController.swift in Sources */,
				A52C54062BF11FF800699D2E /* GameHeaderView.swift in Sources */,
				A538E3C22BF50C1400485EF3 /* Bet.swift in Sources */,
				A50864AB2C2CAD7E004F0F11 /* ServiceFactory.swift in Sources */,
				A50864AD2C39B39E004F0F11 /* PastGamesView.swift in Sources */,
				A50864A52C235DDD004F0F11 /* BetRepository.swift in Sources */,
				FAE48A7D2C178A0C0046F6A0 /* GameRepository.swift in Sources */,
				A5E40C312BF8DC850056AC63 /* ScreenType.swift in Sources */,
				8EA4AE9F2C43FB860083536F /* GameRealmRepository.swift in Sources */,
				A50864A32C235D2B004F0F11 /* BetDTO.swift in Sources */,
				A55723B42C46F7E00051D0D9 /* BetRealmRepository.swift in Sources */,
				FAF8171E2BF8D582003BBBD3 /* InfoView.swift in Sources */,
				A514A3242C01F49A0014BBD4 /* CustomTextField.swift in Sources */,
				FAE48A7A2C17881E0046F6A0 /* GameService.swift in Sources */,
				A52C53DF2BEF93C200699D2E /* Date+ext.swift in Sources */,
				A50864A72C235DF9004F0F11 /* BetService.swift in Sources */,
				8EA4AEA22C4401FF0083536F /* GameDTORealm.swift in Sources */,
				A55723B02C4562B60051D0D9 /* GameProtocol.swift in Sources */,
			);
			runOnlyForDeploymentPostprocessing = 0;
		};
/* End PBXSourcesBuildPhase section */

/* Begin PBXVariantGroup section */
		A52C53BE2BEE8B8500699D2E /* LaunchScreen.storyboard */ = {
			isa = PBXVariantGroup;
			children = (
				A52C53BF2BEE8B8500699D2E /* Base */,
			);
			name = LaunchScreen.storyboard;
			sourceTree = "<group>";
		};
/* End PBXVariantGroup section */

/* Begin XCBuildConfiguration section */
		A52C53C22BEE8B8500699D2E /* Debug */ = {
			isa = XCBuildConfiguration;
			buildSettings = {
				ALWAYS_SEARCH_USER_PATHS = NO;
				ASSETCATALOG_COMPILER_GENERATE_SWIFT_ASSET_SYMBOL_EXTENSIONS = YES;
				CLANG_ANALYZER_NONNULL = YES;
				CLANG_ANALYZER_NUMBER_OBJECT_CONVERSION = YES_AGGRESSIVE;
				CLANG_CXX_LANGUAGE_STANDARD = "gnu++20";
				CLANG_ENABLE_MODULES = YES;
				CLANG_ENABLE_OBJC_ARC = YES;
				CLANG_ENABLE_OBJC_WEAK = YES;
				CLANG_WARN_BLOCK_CAPTURE_AUTORELEASING = YES;
				CLANG_WARN_BOOL_CONVERSION = YES;
				CLANG_WARN_COMMA = YES;
				CLANG_WARN_CONSTANT_CONVERSION = YES;
				CLANG_WARN_DEPRECATED_OBJC_IMPLEMENTATIONS = YES;
				CLANG_WARN_DIRECT_OBJC_ISA_USAGE = YES_ERROR;
				CLANG_WARN_DOCUMENTATION_COMMENTS = YES;
				CLANG_WARN_EMPTY_BODY = YES;
				CLANG_WARN_ENUM_CONVERSION = YES;
				CLANG_WARN_INFINITE_RECURSION = YES;
				CLANG_WARN_INT_CONVERSION = YES;
				CLANG_WARN_NON_LITERAL_NULL_CONVERSION = YES;
				CLANG_WARN_OBJC_IMPLICIT_RETAIN_SELF = YES;
				CLANG_WARN_OBJC_LITERAL_CONVERSION = YES;
				CLANG_WARN_OBJC_ROOT_CLASS = YES_ERROR;
				CLANG_WARN_QUOTED_INCLUDE_IN_FRAMEWORK_HEADER = YES;
				CLANG_WARN_RANGE_LOOP_ANALYSIS = YES;
				CLANG_WARN_STRICT_PROTOTYPES = YES;
				CLANG_WARN_SUSPICIOUS_MOVE = YES;
				CLANG_WARN_UNGUARDED_AVAILABILITY = YES_AGGRESSIVE;
				CLANG_WARN_UNREACHABLE_CODE = YES;
				CLANG_WARN__DUPLICATE_METHOD_MATCH = YES;
				COPY_PHASE_STRIP = NO;
				DEBUG_INFORMATION_FORMAT = dwarf;
				ENABLE_STRICT_OBJC_MSGSEND = YES;
				ENABLE_TESTABILITY = YES;
				ENABLE_USER_SCRIPT_SANDBOXING = YES;
				GCC_C_LANGUAGE_STANDARD = gnu17;
				GCC_DYNAMIC_NO_PIC = NO;
				GCC_NO_COMMON_BLOCKS = YES;
				GCC_OPTIMIZATION_LEVEL = 0;
				GCC_PREPROCESSOR_DEFINITIONS = (
					"DEBUG=1",
					"$(inherited)",
				);
				GCC_WARN_64_TO_32_BIT_CONVERSION = YES;
				GCC_WARN_ABOUT_RETURN_TYPE = YES_ERROR;
				GCC_WARN_UNDECLARED_SELECTOR = YES;
				GCC_WARN_UNINITIALIZED_AUTOS = YES_AGGRESSIVE;
				GCC_WARN_UNUSED_FUNCTION = YES;
				GCC_WARN_UNUSED_VARIABLE = YES;
				IPHONEOS_DEPLOYMENT_TARGET = 17.2;
				LOCALIZATION_PREFERS_STRING_CATALOGS = YES;
				MTL_ENABLE_DEBUG_INFO = INCLUDE_SOURCE;
				MTL_FAST_MATH = YES;
				ONLY_ACTIVE_ARCH = YES;
				SDKROOT = iphoneos;
				SWIFT_ACTIVE_COMPILATION_CONDITIONS = "DEBUG $(inherited)";
				SWIFT_OPTIMIZATION_LEVEL = "-Onone";
			};
			name = Debug;
		};
		A52C53C32BEE8B8500699D2E /* Release */ = {
			isa = XCBuildConfiguration;
			buildSettings = {
				ALWAYS_SEARCH_USER_PATHS = NO;
				ASSETCATALOG_COMPILER_GENERATE_SWIFT_ASSET_SYMBOL_EXTENSIONS = YES;
				CLANG_ANALYZER_NONNULL = YES;
				CLANG_ANALYZER_NUMBER_OBJECT_CONVERSION = YES_AGGRESSIVE;
				CLANG_CXX_LANGUAGE_STANDARD = "gnu++20";
				CLANG_ENABLE_MODULES = YES;
				CLANG_ENABLE_OBJC_ARC = YES;
				CLANG_ENABLE_OBJC_WEAK = YES;
				CLANG_WARN_BLOCK_CAPTURE_AUTORELEASING = YES;
				CLANG_WARN_BOOL_CONVERSION = YES;
				CLANG_WARN_COMMA = YES;
				CLANG_WARN_CONSTANT_CONVERSION = YES;
				CLANG_WARN_DEPRECATED_OBJC_IMPLEMENTATIONS = YES;
				CLANG_WARN_DIRECT_OBJC_ISA_USAGE = YES_ERROR;
				CLANG_WARN_DOCUMENTATION_COMMENTS = YES;
				CLANG_WARN_EMPTY_BODY = YES;
				CLANG_WARN_ENUM_CONVERSION = YES;
				CLANG_WARN_INFINITE_RECURSION = YES;
				CLANG_WARN_INT_CONVERSION = YES;
				CLANG_WARN_NON_LITERAL_NULL_CONVERSION = YES;
				CLANG_WARN_OBJC_IMPLICIT_RETAIN_SELF = YES;
				CLANG_WARN_OBJC_LITERAL_CONVERSION = YES;
				CLANG_WARN_OBJC_ROOT_CLASS = YES_ERROR;
				CLANG_WARN_QUOTED_INCLUDE_IN_FRAMEWORK_HEADER = YES;
				CLANG_WARN_RANGE_LOOP_ANALYSIS = YES;
				CLANG_WARN_STRICT_PROTOTYPES = YES;
				CLANG_WARN_SUSPICIOUS_MOVE = YES;
				CLANG_WARN_UNGUARDED_AVAILABILITY = YES_AGGRESSIVE;
				CLANG_WARN_UNREACHABLE_CODE = YES;
				CLANG_WARN__DUPLICATE_METHOD_MATCH = YES;
				COPY_PHASE_STRIP = NO;
				DEBUG_INFORMATION_FORMAT = "dwarf-with-dsym";
				ENABLE_NS_ASSERTIONS = NO;
				ENABLE_STRICT_OBJC_MSGSEND = YES;
				ENABLE_USER_SCRIPT_SANDBOXING = YES;
				GCC_C_LANGUAGE_STANDARD = gnu17;
				GCC_NO_COMMON_BLOCKS = YES;
				GCC_WARN_64_TO_32_BIT_CONVERSION = YES;
				GCC_WARN_ABOUT_RETURN_TYPE = YES_ERROR;
				GCC_WARN_UNDECLARED_SELECTOR = YES;
				GCC_WARN_UNINITIALIZED_AUTOS = YES_AGGRESSIVE;
				GCC_WARN_UNUSED_FUNCTION = YES;
				GCC_WARN_UNUSED_VARIABLE = YES;
				IPHONEOS_DEPLOYMENT_TARGET = 17.2;
				LOCALIZATION_PREFERS_STRING_CATALOGS = YES;
				MTL_ENABLE_DEBUG_INFO = NO;
				MTL_FAST_MATH = YES;
				SDKROOT = iphoneos;
				SWIFT_COMPILATION_MODE = wholemodule;
				VALIDATE_PRODUCT = YES;
			};
			name = Release;
		};
		A52C53C52BEE8B8500699D2E /* Debug */ = {
			isa = XCBuildConfiguration;
			buildSettings = {
				ASSETCATALOG_COMPILER_APPICON_NAME = AppIcon;
				ASSETCATALOG_COMPILER_GLOBAL_ACCENT_COLOR_NAME = AccentColor;
				CODE_SIGN_STYLE = Automatic;
				CURRENT_PROJECT_VERSION = 1;
				GENERATE_INFOPLIST_FILE = YES;
				INFOPLIST_FILE = SkyDunk/System/Info.plist;
				INFOPLIST_KEY_UIApplicationSupportsIndirectInputEvents = YES;
				INFOPLIST_KEY_UILaunchStoryboardName = LaunchScreen;
				INFOPLIST_KEY_UIMainStoryboardFile = "";
				INFOPLIST_KEY_UISupportedInterfaceOrientations_iPad = "UIInterfaceOrientationPortrait UIInterfaceOrientationPortraitUpsideDown UIInterfaceOrientationLandscapeLeft UIInterfaceOrientationLandscapeRight";
				INFOPLIST_KEY_UISupportedInterfaceOrientations_iPhone = "UIInterfaceOrientationPortrait UIInterfaceOrientationLandscapeLeft UIInterfaceOrientationLandscapeRight";
				LD_RUNPATH_SEARCH_PATHS = (
					"$(inherited)",
					"@executable_path/Frameworks",
				);
				MARKETING_VERSION = 1.0;
				PRODUCT_BUNDLE_IDENTIFIER = puzir.SkyDunk;
				PRODUCT_NAME = "$(TARGET_NAME)";
				SWIFT_EMIT_LOC_STRINGS = YES;
				SWIFT_VERSION = 5.0;
				TARGETED_DEVICE_FAMILY = "1,2";
			};
			name = Debug;
		};
		A52C53C62BEE8B8500699D2E /* Release */ = {
			isa = XCBuildConfiguration;
			buildSettings = {
				ASSETCATALOG_COMPILER_APPICON_NAME = AppIcon;
				ASSETCATALOG_COMPILER_GLOBAL_ACCENT_COLOR_NAME = AccentColor;
				CODE_SIGN_STYLE = Automatic;
				CURRENT_PROJECT_VERSION = 1;
				GENERATE_INFOPLIST_FILE = YES;
				INFOPLIST_FILE = SkyDunk/System/Info.plist;
				INFOPLIST_KEY_UIApplicationSupportsIndirectInputEvents = YES;
				INFOPLIST_KEY_UILaunchStoryboardName = LaunchScreen;
				INFOPLIST_KEY_UIMainStoryboardFile = "";
				INFOPLIST_KEY_UISupportedInterfaceOrientations_iPad = "UIInterfaceOrientationPortrait UIInterfaceOrientationPortraitUpsideDown UIInterfaceOrientationLandscapeLeft UIInterfaceOrientationLandscapeRight";
				INFOPLIST_KEY_UISupportedInterfaceOrientations_iPhone = "UIInterfaceOrientationPortrait UIInterfaceOrientationLandscapeLeft UIInterfaceOrientationLandscapeRight";
				LD_RUNPATH_SEARCH_PATHS = (
					"$(inherited)",
					"@executable_path/Frameworks",
				);
				MARKETING_VERSION = 1.0;
				PRODUCT_BUNDLE_IDENTIFIER = puzir.SkyDunk;
				PRODUCT_NAME = "$(TARGET_NAME)";
				SWIFT_EMIT_LOC_STRINGS = YES;
				SWIFT_VERSION = 5.0;
				TARGETED_DEVICE_FAMILY = "1,2";
			};
			name = Release;
		};
/* End XCBuildConfiguration section */

/* Begin XCConfigurationList section */
		A52C53AB2BEE8B8300699D2E /* Build configuration list for PBXProject "SkyDunk" */ = {
			isa = XCConfigurationList;
			buildConfigurations = (
				A52C53C22BEE8B8500699D2E /* Debug */,
				A52C53C32BEE8B8500699D2E /* Release */,
			);
			defaultConfigurationIsVisible = 0;
			defaultConfigurationName = Release;
		};
		A52C53C42BEE8B8500699D2E /* Build configuration list for PBXNativeTarget "SkyDunk" */ = {
			isa = XCConfigurationList;
			buildConfigurations = (
				A52C53C52BEE8B8500699D2E /* Debug */,
				A52C53C62BEE8B8500699D2E /* Release */,
			);
			defaultConfigurationIsVisible = 0;
			defaultConfigurationName = Release;
		};
/* End XCConfigurationList section */

/* Begin XCRemoteSwiftPackageReference section */
		A55723A02C42E28D0051D0D9 /* XCRemoteSwiftPackageReference "realm-swift" */ = {
			isa = XCRemoteSwiftPackageReference;
			repositoryURL = "https://github.com/realm/realm-swift.git";
			requirement = {
				branch = master;
				kind = branch;
			};
		};
/* End XCRemoteSwiftPackageReference section */

/* Begin XCSwiftPackageProductDependency section */
		A55723A62C42E86E0051D0D9 /* RealmSwift */ = {
			isa = XCSwiftPackageProductDependency;
			package = A55723A02C42E28D0051D0D9 /* XCRemoteSwiftPackageReference "realm-swift" */;
			productName = RealmSwift;
		};
/* End XCSwiftPackageProductDependency section */
	};
	rootObject = A52C53A82BEE8B8300699D2E /* Project object */;
}
